
Microsoft Visual Studio Solution File, Format Version 12.00
# Visual Studio Version 17
VisualStudioVersion = 17.11.35219.272
MinimumVisualStudioVersion = 10.0.40219.1
Project("{9A19103F-16F7-4668-BE54-9A1E7A4F7556}") = "AsignacionDeTareas2", "AsignacionDeTareas2.csproj", "{72A51B41-6778-4577-BAB6-3E223EECE1A3}"
EndProject
Project("{FAE04EC0-301F-11D3-BF4B-00C04F79EFBC}") = "AsignacionDeTareas2Testing", "..\AsignacionDeTareas2Testing\AsignacionDeTareas2Testing.csproj", "{30C3AD65-E302-49D3-BF8D-08FCE8373A46}"
EndProject
Global
	GlobalSection(SolutionConfigurationPlatforms) = preSolution
		Debug|Any CPU = Debug|Any CPU
		Release|Any CPU = Release|Any CPU
	EndGlobalSection
	GlobalSection(ProjectConfigurationPlatforms) = postSolution
		{72A51B41-6778-4577-BAB6-3E223EECE1A3}.Debug|Any CPU.ActiveCfg = Debug|Any CPU
		{72A51B41-6778-4577-BAB6-3E223EECE1A3}.Debug|Any CPU.Build.0 = Debug|Any CPU
		{72A51B41-6778-4577-BAB6-3E223EECE1A3}.Release|Any CPU.ActiveCfg = Release|Any CPU
		{72A51B41-6778-4577-BAB6-3E223EECE1A3}.Release|Any CPU.Build.0 = Release|Any CPU
		{30C3AD65-E302-49D3-BF8D-08FCE8373A46}.Debug|Any CPU.ActiveCfg = Debug|Any CPU
		{30C3AD65-E302-49D3-BF8D-08FCE8373A46}.Debug|Any CPU.Build.0 = Debug|Any CPU
		{30C3AD65-E302-49D3-BF8D-08FCE8373A46}.Release|Any CPU.ActiveCfg = Release|Any CPU
		{30C3AD65-E302-49D3-BF8D-08FCE8373A46}.Release|Any CPU.Build.0 = Release|Any CPU
	EndGlobalSection
	GlobalSection(SolutionProperties) = preSolution
		HideSolutionNode = FALSE
	EndGlobalSection
	GlobalSection(ExtensibilityGlobals) = postSolution
		SolutionGuid = {799C5047-6279-42DF-B81F-344204CE78DA}
	EndGlobalSection
EndGlobal
